
Microsoft Visual Studio Solution File, Format Version 11.00
# Visual Studio 2010
Project("{FAE04EC0-301F-11D3-BF4B-00C04F79EFBC}") = "FirstProject", "FirstProject\FirstProject.csproj", "{D23F7266-2B9D-4BA5-ADF6-A2821A11BAB7}"
EndProject
Global
	GlobalSection(SolutionConfigurationPlatforms) = preSolution
		Debug|Any CPU = Debug|Any CPU
		Release|Any CPU = Release|Any CPU
	EndGlobalSection
	GlobalSection(ProjectConfigurationPlatforms) = postSolution
		{D23F7266-2B9D-4BA5-ADF6-A2821A11BAB7}.Debug|Any CPU.ActiveCfg = Debug|Any CPU
		{D23F7266-2B9D-4BA5-ADF6-A2821A11BAB7}.Debug|Any CPU.Build.0 = Debug|Any CPU
		{D23F7266-2B9D-4BA5-ADF6-A2821A11BAB7}.Release|Any CPU.ActiveCfg = Release|Any CPU
		{D23F7266-2B9D-4BA5-ADF6-A2821A11BAB7}.Release|Any CPU.Build.0 = Release|Any CPU
	EndGlobalSection
	GlobalSection(SolutionProperties) = preSolution
		HideSolutionNode = FALSE
	EndGlobalSection
EndGlobal
